
Microsoft Visual Studio Solution File, Format Version 12.00
# Visual Studio Version 17
VisualStudioVersion = 17.14.36811.4 d17.14
MinimumVisualStudioVersion = 10.0.40219.1
Project("{FAE04EC0-301F-11D3-BF4B-00C04F79EFBC}") = "SprintForge", "SprintForge\SprintForge.csproj", "{69B86CB3-08A0-423C-96CC-7CA406931DFC}"
EndProject
Global
	GlobalSection(SolutionConfigurationPlatforms) = preSolution
		Debug|Any CPU = Debug|Any CPU
		Release|Any CPU = Release|Any CPU
	EndGlobalSection
	GlobalSection(ProjectConfigurationPlatforms) = postSolution
		{69B86CB3-08A0-423C-96CC-7CA406931DFC}.Debug|Any CPU.ActiveCfg = Debug|Any CPU
		{69B86CB3-08A0-423C-96CC-7CA406931DFC}.Debug|Any CPU.Build.0 = Debug|Any CPU
		{69B86CB3-08A0-423C-96CC-7CA406931DFC}.Release|Any CPU.ActiveCfg = Release|Any CPU
		{69B86CB3-08A0-423C-96CC-7CA406931DFC}.Release|Any CPU.Build.0 = Release|Any CPU
	EndGlobalSection
	GlobalSection(SolutionProperties) = preSolution
		HideSolutionNode = FALSE
	EndGlobalSection
	GlobalSection(ExtensibilityGlobals) = postSolution
		SolutionGuid = {9C46F929-908F-489B-B532-F6A8B1AEB542}
	EndGlobalSection
EndGlobal
